// !$*UTF8*$!
{
	archiveVersion = 1;
	classes = {
	};
	objectVersion = 56;
	objects = {

/* Begin PBXBuildFile section */
		FAB78EFC29DDD6B1002AD949 /* DigitsLettersStore.swift in Sources */ = {isa = PBXBuildFile; fileRef = FAB78EFB29DDD6B1002AD949 /* DigitsLettersStore.swift */; };
		FABB369029E0484E00D69D63 /* EmbeddedWordViewController.swift in Sources */ = {isa = PBXBuildFile; fileRef = FABB368F29E0484E00D69D63 /* EmbeddedWordViewController.swift */; };
		FABB369229E0543400D69D63 /* EmbeddedNumberViewController.swift in Sources */ = {isa = PBXBuildFile; fileRef = FABB369129E0543400D69D63 /* EmbeddedNumberViewController.swift */; };
		FABB369429E05D2800D69D63 /* EmbeddedImageViewController.swift in Sources */ = {isa = PBXBuildFile; fileRef = FABB369329E05D2800D69D63 /* EmbeddedImageViewController.swift */; };
		FABB369629E07B6500D69D63 /* EmbeddedTableViewController.swift in Sources */ = {isa = PBXBuildFile; fileRef = FABB369529E07B6500D69D63 /* EmbeddedTableViewController.swift */; };
		FABB606829DC0CB000DC9A41 /* SettingsViewController.swift in Sources */ = {isa = PBXBuildFile; fileRef = FABB606729DC0CB000DC9A41 /* SettingsViewController.swift */; };
		FABB606C29DC21EE00DC9A41 /* InitialNumbers.plist in Resources */ = {isa = PBXBuildFile; fileRef = FABB606B29DC21EE00DC9A41 /* InitialNumbers.plist */; };
		FABECCA529D319320033B356 /* MyIO.swift in Sources */ = {isa = PBXBuildFile; fileRef = FABECCA429D319320033B356 /* MyIO.swift */; };
		FAC0727E29B8A98900D79ACF /* NumberChangeViewController.swift in Sources */ = {isa = PBXBuildFile; fileRef = FAC0727D29B8A98900D79ACF /* NumberChangeViewController.swift */; };
		FAC0728029B9009B00D79ACF /* ItemStore.swift in Sources */ = {isa = PBXBuildFile; fileRef = FAC0727F29B9009B00D79ACF /* ItemStore.swift */; };
		FAC26BAF29B4D34400223B1A /* MyUI.swift in Sources */ = {isa = PBXBuildFile; fileRef = FAC26BAE29B4D34400223B1A /* MyUI.swift */; };
		FAC26BB129B4D3CE00223B1A /* MyConstants.swift in Sources */ = {isa = PBXBuildFile; fileRef = FAC26BB029B4D3CE00223B1A /* MyConstants.swift */; };
		FAC26BB429B4D55400223B1A /* Item.swift in Sources */ = {isa = PBXBuildFile; fileRef = FAC26BB329B4D55400223B1A /* Item.swift */; };
		FAC3060D29B2BE05002A7BF9 /* AllNumbersViewController.swift in Sources */ = {isa = PBXBuildFile; fileRef = FAC3060C29B2BE05002A7BF9 /* AllNumbersViewController.swift */; };
		FAC4B96A29B37FBD00B90535 /* CustomTableViewCell.swift in Sources */ = {isa = PBXBuildFile; fileRef = FAC4B96929B37FBD00B90535 /* CustomTableViewCell.swift */; };
		FAC4B96F29B398BA00B90535 /* DetailsViewController.swift in Sources */ = {isa = PBXBuildFile; fileRef = FAC4B96E29B398BA00B90535 /* DetailsViewController.swift */; };
		FAC62B8129AF9DC1005D9392 /* AppDelegate.swift in Sources */ = {isa = PBXBuildFile; fileRef = FAC62B8029AF9DC1005D9392 /* AppDelegate.swift */; };
		FAC62B8329AF9DC1005D9392 /* SceneDelegate.swift in Sources */ = {isa = PBXBuildFile; fileRef = FAC62B8229AF9DC1005D9392 /* SceneDelegate.swift */; };
		FAC62B8B29AF9DC1005D9392 /* NumberMemorizing.xcdatamodeld in Sources */ = {isa = PBXBuildFile; fileRef = FAC62B8929AF9DC1005D9392 /* NumberMemorizing.xcdatamodeld */; };
		FAC62B8D29AF9DC1005D9392 /* Assets.xcassets in Resources */ = {isa = PBXBuildFile; fileRef = FAC62B8C29AF9DC1005D9392 /* Assets.xcassets */; };
		FAC62B9029AF9DC1005D9392 /* LaunchScreen.storyboard in Resources */ = {isa = PBXBuildFile; fileRef = FAC62B8E29AF9DC1005D9392 /* LaunchScreen.storyboard */; };
		FAD9B18729E566F0008CBFCE /* EmbeddedDataPickerViewController.swift in Sources */ = {isa = PBXBuildFile; fileRef = FAD9B18629E566F0008CBFCE /* EmbeddedDataPickerViewController.swift */; };
/* End PBXBuildFile section */

/* Begin PBXFileReference section */
		FAB78EFB29DDD6B1002AD949 /* DigitsLettersStore.swift */ = {isa = PBXFileReference; lastKnownFileType = sourcecode.swift; path = DigitsLettersStore.swift; sourceTree = "<group>"; };
		FABB368F29E0484E00D69D63 /* EmbeddedWordViewController.swift */ = {isa = PBXFileReference; lastKnownFileType = sourcecode.swift; path = EmbeddedWordViewController.swift; sourceTree = "<group>"; };
		FABB369129E0543400D69D63 /* EmbeddedNumberViewController.swift */ = {isa = PBXFileReference; lastKnownFileType = sourcecode.swift; path = EmbeddedNumberViewController.swift; sourceTree = "<group>"; };
		FABB369329E05D2800D69D63 /* EmbeddedImageViewController.swift */ = {isa = PBXFileReference; lastKnownFileType = sourcecode.swift; path = EmbeddedImageViewController.swift; sourceTree = "<group>"; };
		FABB369529E07B6500D69D63 /* EmbeddedTableViewController.swift */ = {isa = PBXFileReference; lastKnownFileType = sourcecode.swift; path = EmbeddedTableViewController.swift; sourceTree = "<group>"; };
		FABB606729DC0CB000DC9A41 /* SettingsViewController.swift */ = {isa = PBXFileReference; lastKnownFileType = sourcecode.swift; path = SettingsViewController.swift; sourceTree = "<group>"; };
		FABB606B29DC21EE00DC9A41 /* InitialNumbers.plist */ = {isa = PBXFileReference; lastKnownFileType = file.bplist; path = InitialNumbers.plist; sourceTree = "<group>"; };
		FABECCA429D319320033B356 /* MyIO.swift */ = {isa = PBXFileReference; lastKnownFileType = sourcecode.swift; path = MyIO.swift; sourceTree = "<group>"; };
		FAC0727D29B8A98900D79ACF /* NumberChangeViewController.swift */ = {isa = PBXFileReference; lastKnownFileType = sourcecode.swift; path = NumberChangeViewController.swift; sourceTree = "<group>"; };
		FAC0727F29B9009B00D79ACF /* ItemStore.swift */ = {isa = PBXFileReference; lastKnownFileType = sourcecode.swift; path = ItemStore.swift; sourceTree = "<group>"; };
		FAC26BAE29B4D34400223B1A /* MyUI.swift */ = {isa = PBXFileReference; lastKnownFileType = sourcecode.swift; path = MyUI.swift; sourceTree = "<group>"; };
		FAC26BB029B4D3CE00223B1A /* MyConstants.swift */ = {isa = PBXFileReference; lastKnownFileType = sourcecode.swift; path = MyConstants.swift; sourceTree = "<group>"; };
		FAC26BB329B4D55400223B1A /* Item.swift */ = {isa = PBXFileReference; lastKnownFileType = sourcecode.swift; path = Item.swift; sourceTree = "<group>"; };
		FAC3060C29B2BE05002A7BF9 /* AllNumbersViewController.swift */ = {isa = PBXFileReference; lastKnownFileType = sourcecode.swift; path = AllNumbersViewController.swift; sourceTree = "<group>"; };
		FAC4B96929B37FBD00B90535 /* CustomTableViewCell.swift */ = {isa = PBXFileReference; lastKnownFileType = sourcecode.swift; path = CustomTableViewCell.swift; sourceTree = "<group>"; };
		FAC4B96E29B398BA00B90535 /* DetailsViewController.swift */ = {isa = PBXFileReference; lastKnownFileType = sourcecode.swift; path = DetailsViewController.swift; sourceTree = "<group>"; };
		FAC62B7D29AF9DC1005D9392 /* NumberMemorizing.app */ = {isa = PBXFileReference; explicitFileType = wrapper.application; includeInIndex = 0; path = NumberMemorizing.app; sourceTree = BUILT_PRODUCTS_DIR; };
		FAC62B8029AF9DC1005D9392 /* AppDelegate.swift */ = {isa = PBXFileReference; lastKnownFileType = sourcecode.swift; path = AppDelegate.swift; sourceTree = "<group>"; };
		FAC62B8229AF9DC1005D9392 /* SceneDelegate.swift */ = {isa = PBXFileReference; lastKnownFileType = sourcecode.swift; path = SceneDelegate.swift; sourceTree = "<group>"; };
		FAC62B8A29AF9DC1005D9392 /* NumberMemorizing.xcdatamodel */ = {isa = PBXFileReference; lastKnownFileType = wrapper.xcdatamodel; path = NumberMemorizing.xcdatamodel; sourceTree = "<group>"; };
		FAC62B8C29AF9DC1005D9392 /* Assets.xcassets */ = {isa = PBXFileReference; lastKnownFileType = folder.assetcatalog; path = Assets.xcassets; sourceTree = "<group>"; };
		FAC62B8F29AF9DC1005D9392 /* Base */ = {isa = PBXFileReference; lastKnownFileType = file.storyboard; name = Base; path = Base.lproj/LaunchScreen.storyboard; sourceTree = "<group>"; };
		FAC62B9129AF9DC1005D9392 /* Info.plist */ = {isa = PBXFileReference; lastKnownFileType = text.plist.xml; path = Info.plist; sourceTree = "<group>"; };
		FAD9B18629E566F0008CBFCE /* EmbeddedDataPickerViewController.swift */ = {isa = PBXFileReference; lastKnownFileType = sourcecode.swift; path = EmbeddedDataPickerViewController.swift; sourceTree = "<group>"; };
/* End PBXFileReference section */

/* Begin PBXFrameworksBuildPhase section */
		FAC62B7A29AF9DC1005D9392 /* Frameworks */ = {
			isa = PBXFrameworksBuildPhase;
			buildActionMask = 2147483647;
			files = (
			);
			runOnlyForDeploymentPostprocessing = 0;
		};
/* End PBXFrameworksBuildPhase section */

/* Begin PBXGroup section */
		FAC26BAD29B4D2BE00223B1A /* Helpers */ = {
			isa = PBXGroup;
			children = (
				FAC26BAE29B4D34400223B1A /* MyUI.swift */,
				FAC26BB029B4D3CE00223B1A /* MyConstants.swift */,
				FABECCA429D319320033B356 /* MyIO.swift */,
			);
			path = Helpers;
			sourceTree = "<group>";
		};
		FAC26BB229B4D50600223B1A /* Models */ = {
			isa = PBXGroup;
			children = (
				FAC26BB329B4D55400223B1A /* Item.swift */,
				FAC0727F29B9009B00D79ACF /* ItemStore.swift */,
				FAB78EFB29DDD6B1002AD949 /* DigitsLettersStore.swift */,
			);
			path = Models;
			sourceTree = "<group>";
		};
		FAC4B96B29B396B400B90535 /* Controllers */ = {
			isa = PBXGroup;
			children = (
				FAC3060C29B2BE05002A7BF9 /* AllNumbersViewController.swift */,
				FAC0727D29B8A98900D79ACF /* NumberChangeViewController.swift */,
				FAC4B96E29B398BA00B90535 /* DetailsViewController.swift */,
				FABB606729DC0CB000DC9A41 /* SettingsViewController.swift */,
				FABB368F29E0484E00D69D63 /* EmbeddedWordViewController.swift */,
				FABB369129E0543400D69D63 /* EmbeddedNumberViewController.swift */,
				FABB369329E05D2800D69D63 /* EmbeddedImageViewController.swift */,
				FABB369529E07B6500D69D63 /* EmbeddedTableViewController.swift */,
				FAD9B18629E566F0008CBFCE /* EmbeddedDataPickerViewController.swift */,
			);
			path = Controllers;
			sourceTree = "<group>";
		};
		FAC4B96C29B396CC00B90535 /* Views */ = {
			isa = PBXGroup;
			children = (
				FAC4B96929B37FBD00B90535 /* CustomTableViewCell.swift */,
			);
			path = Views;
			sourceTree = "<group>";
		};
		FAC4B96D29B396EB00B90535 /* Resources */ = {
			isa = PBXGroup;
			children = (
				FABB606B29DC21EE00DC9A41 /* InitialNumbers.plist */,
				FAC62B8C29AF9DC1005D9392 /* Assets.xcassets */,
				FAC62B8E29AF9DC1005D9392 /* LaunchScreen.storyboard */,
			);
			path = Resources;
			sourceTree = "<group>";
		};
		FAC62B7429AF9DC0005D9392 = {
			isa = PBXGroup;
			children = (
				FAC62B7F29AF9DC1005D9392 /* NumberMemorizing */,
				FAC62B7E29AF9DC1005D9392 /* Products */,
			);
			sourceTree = "<group>";
		};
		FAC62B7E29AF9DC1005D9392 /* Products */ = {
			isa = PBXGroup;
			children = (
				FAC62B7D29AF9DC1005D9392 /* NumberMemorizing.app */,
			);
			name = Products;
			sourceTree = "<group>";
		};
		FAC62B7F29AF9DC1005D9392 /* NumberMemorizing */ = {
			isa = PBXGroup;
			children = (
				FAC62B8029AF9DC1005D9392 /* AppDelegate.swift */,
				FAC62B8229AF9DC1005D9392 /* SceneDelegate.swift */,
				FAC4B96B29B396B400B90535 /* Controllers */,
				FAC4B96C29B396CC00B90535 /* Views */,
				FAC26BB229B4D50600223B1A /* Models */,
				FAC4B96D29B396EB00B90535 /* Resources */,
				FAC26BAD29B4D2BE00223B1A /* Helpers */,
				FAC62B9129AF9DC1005D9392 /* Info.plist */,
				FAC62B8929AF9DC1005D9392 /* NumberMemorizing.xcdatamodeld */,
			);
			path = NumberMemorizing;
			sourceTree = "<group>";
		};
/* End PBXGroup section */

/* Begin PBXNativeTarget section */
		FAC62B7C29AF9DC1005D9392 /* NumberMemorizing */ = {
			isa = PBXNativeTarget;
			buildConfigurationList = FAC62B9429AF9DC1005D9392 /* Build configuration list for PBXNativeTarget "NumberMemorizing" */;
			buildPhases = (
				FAC62B7929AF9DC1005D9392 /* Sources */,
				FAC62B7A29AF9DC1005D9392 /* Frameworks */,
				FAC62B7B29AF9DC1005D9392 /* Resources */,
			);
			buildRules = (
			);
			dependencies = (
			);
			name = NumberMemorizing;
			productName = NumberMemorizing;
			productReference = FAC62B7D29AF9DC1005D9392 /* NumberMemorizing.app */;
			productType = "com.apple.product-type.application";
		};
/* End PBXNativeTarget section */

/* Begin PBXProject section */
		FAC62B7529AF9DC0005D9392 /* Project object */ = {
			isa = PBXProject;
			attributes = {
				BuildIndependentTargetsInParallel = 1;
				LastSwiftUpdateCheck = 1410;
				LastUpgradeCheck = 1410;
				TargetAttributes = {
					FAC62B7C29AF9DC1005D9392 = {
						CreatedOnToolsVersion = 14.1;
					};
				};
			};
			buildConfigurationList = FAC62B7829AF9DC0005D9392 /* Build configuration list for PBXProject "NumberMemorizing" */;
			compatibilityVersion = "Xcode 14.0";
			developmentRegion = en;
			hasScannedForEncodings = 0;
			knownRegions = (
				en,
				Base,
			);
			mainGroup = FAC62B7429AF9DC0005D9392;
			productRefGroup = FAC62B7E29AF9DC1005D9392 /* Products */;
			projectDirPath = "";
			projectRoot = "";
			targets = (
				FAC62B7C29AF9DC1005D9392 /* NumberMemorizing */,
			);
		};
/* End PBXProject section */

/* Begin PBXResourcesBuildPhase section */
		FAC62B7B29AF9DC1005D9392 /* Resources */ = {
			isa = PBXResourcesBuildPhase;
			buildActionMask = 2147483647;
			files = (
				FAC62B9029AF9DC1005D9392 /* LaunchScreen.storyboard in Resources */,
				FAC62B8D29AF9DC1005D9392 /* Assets.xcassets in Resources */,
				FABB606C29DC21EE00DC9A41 /* InitialNumbers.plist in Resources */,
			);
			runOnlyForDeploymentPostprocessing = 0;
		};
/* End PBXResourcesBuildPhase section */

/* Begin PBXSourcesBuildPhase section */
		FAC62B7929AF9DC1005D9392 /* Sources */ = {
			isa = PBXSourcesBuildPhase;
			buildActionMask = 2147483647;
			files = (
				FAC62B8129AF9DC1005D9392 /* AppDelegate.swift in Sources */,
				FABB369429E05D2800D69D63 /* EmbeddedImageViewController.swift in Sources */,
				FAB78EFC29DDD6B1002AD949 /* DigitsLettersStore.swift in Sources */,
				FAC4B96A29B37FBD00B90535 /* CustomTableViewCell.swift in Sources */,
				FAC26BB429B4D55400223B1A /* Item.swift in Sources */,
				FAC26BAF29B4D34400223B1A /* MyUI.swift in Sources */,
				FAC0727E29B8A98900D79ACF /* NumberChangeViewController.swift in Sources */,
				FAC62B8329AF9DC1005D9392 /* SceneDelegate.swift in Sources */,
				FAC0728029B9009B00D79ACF /* ItemStore.swift in Sources */,
				FABB369029E0484E00D69D63 /* EmbeddedWordViewController.swift in Sources */,
				FAC62B8B29AF9DC1005D9392 /* NumberMemorizing.xcdatamodeld in Sources */,
				FAC26BB129B4D3CE00223B1A /* MyConstants.swift in Sources */,
				FABB369229E0543400D69D63 /* EmbeddedNumberViewController.swift in Sources */,
				FAC3060D29B2BE05002A7BF9 /* AllNumbersViewController.swift in Sources */,
				FABB606829DC0CB000DC9A41 /* SettingsViewController.swift in Sources */,
				FAD9B18729E566F0008CBFCE /* EmbeddedDataPickerViewController.swift in Sources */,
				FAC4B96F29B398BA00B90535 /* DetailsViewController.swift in Sources */,
				FABECCA529D319320033B356 /* MyIO.swift in Sources */,
				FABB369629E07B6500D69D63 /* EmbeddedTableViewController.swift in Sources */,
			);
			runOnlyForDeploymentPostprocessing = 0;
		};
/* End PBXSourcesBuildPhase section */

/* Begin PBXVariantGroup section */
		FAC62B8E29AF9DC1005D9392 /* LaunchScreen.storyboard */ = {
			isa = PBXVariantGroup;
			children = (
				FAC62B8F29AF9DC1005D9392 /* Base */,
			);
			name = LaunchScreen.storyboard;
			sourceTree = "<group>";
		};
/* End PBXVariantGroup section */

/* Begin XCBuildConfiguration section */
		FAC62B9229AF9DC1005D9392 /* Debug */ = {
			isa = XCBuildConfiguration;
			buildSettings = {
				ALWAYS_SEARCH_USER_PATHS = NO;
				CLANG_ANALYZER_NONNULL = YES;
				CLANG_ANALYZER_NUMBER_OBJECT_CONVERSION = YES_AGGRESSIVE;
				CLANG_CXX_LANGUAGE_STANDARD = "gnu++20";
				CLANG_ENABLE_MODULES = YES;
				CLANG_ENABLE_OBJC_ARC = YES;
				CLANG_ENABLE_OBJC_WEAK = YES;
				CLANG_WARN_BLOCK_CAPTURE_AUTORELEASING = YES;
				CLANG_WARN_BOOL_CONVERSION = YES;
				CLANG_WARN_COMMA = YES;
				CLANG_WARN_CONSTANT_CONVERSION = YES;
				CLANG_WARN_DEPRECATED_OBJC_IMPLEMENTATIONS = YES;
				CLANG_WARN_DIRECT_OBJC_ISA_USAGE = YES_ERROR;
				CLANG_WARN_DOCUMENTATION_COMMENTS = YES;
				CLANG_WARN_EMPTY_BODY = YES;
				CLANG_WARN_ENUM_CONVERSION = YES;
				CLANG_WARN_INFINITE_RECURSION = YES;
				CLANG_WARN_INT_CONVERSION = YES;
				CLANG_WARN_NON_LITERAL_NULL_CONVERSION = YES;
				CLANG_WARN_OBJC_IMPLICIT_RETAIN_SELF = YES;
				CLANG_WARN_OBJC_LITERAL_CONVERSION = YES;
				CLANG_WARN_OBJC_ROOT_CLASS = YES_ERROR;
				CLANG_WARN_QUOTED_INCLUDE_IN_FRAMEWORK_HEADER = YES;
				CLANG_WARN_RANGE_LOOP_ANALYSIS = YES;
				CLANG_WARN_STRICT_PROTOTYPES = YES;
				CLANG_WARN_SUSPICIOUS_MOVE = YES;
				CLANG_WARN_UNGUARDED_AVAILABILITY = YES_AGGRESSIVE;
				CLANG_WARN_UNREACHABLE_CODE = YES;
				CLANG_WARN__DUPLICATE_METHOD_MATCH = YES;
				COPY_PHASE_STRIP = NO;
				DEBUG_INFORMATION_FORMAT = dwarf;
				ENABLE_STRICT_OBJC_MSGSEND = YES;
				ENABLE_TESTABILITY = YES;
				GCC_C_LANGUAGE_STANDARD = gnu11;
				GCC_DYNAMIC_NO_PIC = NO;
				GCC_NO_COMMON_BLOCKS = YES;
				GCC_OPTIMIZATION_LEVEL = 0;
				GCC_PREPROCESSOR_DEFINITIONS = (
					"DEBUG=1",
					"$(inherited)",
				);
				GCC_WARN_64_TO_32_BIT_CONVERSION = YES;
				GCC_WARN_ABOUT_RETURN_TYPE = YES_ERROR;
				GCC_WARN_UNDECLARED_SELECTOR = YES;
				GCC_WARN_UNINITIALIZED_AUTOS = YES_AGGRESSIVE;
				GCC_WARN_UNUSED_FUNCTION = YES;
				GCC_WARN_UNUSED_VARIABLE = YES;
				IPHONEOS_DEPLOYMENT_TARGET = 16.1;
				MTL_ENABLE_DEBUG_INFO = INCLUDE_SOURCE;
				MTL_FAST_MATH = YES;
				ONLY_ACTIVE_ARCH = YES;
				SDKROOT = iphoneos;
				SWIFT_ACTIVE_COMPILATION_CONDITIONS = DEBUG;
				SWIFT_OPTIMIZATION_LEVEL = "-Onone";
			};
			name = Debug;
		};
		FAC62B9329AF9DC1005D9392 /* Release */ = {
			isa = XCBuildConfiguration;
			buildSettings = {
				ALWAYS_SEARCH_USER_PATHS = NO;
				CLANG_ANALYZER_NONNULL = YES;
				CLANG_ANALYZER_NUMBER_OBJECT_CONVERSION = YES_AGGRESSIVE;
				CLANG_CXX_LANGUAGE_STANDARD = "gnu++20";
				CLANG_ENABLE_MODULES = YES;
				CLANG_ENABLE_OBJC_ARC = YES;
				CLANG_ENABLE_OBJC_WEAK = YES;
				CLANG_WARN_BLOCK_CAPTURE_AUTORELEASING = YES;
				CLANG_WARN_BOOL_CONVERSION = YES;
				CLANG_WARN_COMMA = YES;
				CLANG_WARN_CONSTANT_CONVERSION = YES;
				CLANG_WARN_DEPRECATED_OBJC_IMPLEMENTATIONS = YES;
				CLANG_WARN_DIRECT_OBJC_ISA_USAGE = YES_ERROR;
				CLANG_WARN_DOCUMENTATION_COMMENTS = YES;
				CLANG_WARN_EMPTY_BODY = YES;
				CLANG_WARN_ENUM_CONVERSION = YES;
				CLANG_WARN_INFINITE_RECURSION = YES;
				CLANG_WARN_INT_CONVERSION = YES;
				CLANG_WARN_NON_LITERAL_NULL_CONVERSION = YES;
				CLANG_WARN_OBJC_IMPLICIT_RETAIN_SELF = YES;
				CLANG_WARN_OBJC_LITERAL_CONVERSION = YES;
				CLANG_WARN_OBJC_ROOT_CLASS = YES_ERROR;
				CLANG_WARN_QUOTED_INCLUDE_IN_FRAMEWORK_HEADER = YES;
				CLANG_WARN_RANGE_LOOP_ANALYSIS = YES;
				CLANG_WARN_STRICT_PROTOTYPES = YES;
				CLANG_WARN_SUSPICIOUS_MOVE = YES;
				CLANG_WARN_UNGUARDED_AVAILABILITY = YES_AGGRESSIVE;
				CLANG_WARN_UNREACHABLE_CODE = YES;
				CLANG_WARN__DUPLICATE_METHOD_MATCH = YES;
				COPY_PHASE_STRIP = NO;
				DEBUG_INFORMATION_FORMAT = "dwarf-with-dsym";
				ENABLE_NS_ASSERTIONS = NO;
				ENABLE_STRICT_OBJC_MSGSEND = YES;
				GCC_C_LANGUAGE_STANDARD = gnu11;
				GCC_NO_COMMON_BLOCKS = YES;
				GCC_WARN_64_TO_32_BIT_CONVERSION = YES;
				GCC_WARN_ABOUT_RETURN_TYPE = YES_ERROR;
				GCC_WARN_UNDECLARED_SELECTOR = YES;
				GCC_WARN_UNINITIALIZED_AUTOS = YES_AGGRESSIVE;
				GCC_WARN_UNUSED_FUNCTION = YES;
				GCC_WARN_UNUSED_VARIABLE = YES;
				IPHONEOS_DEPLOYMENT_TARGET = 16.1;
				MTL_ENABLE_DEBUG_INFO = NO;
				MTL_FAST_MATH = YES;
				SDKROOT = iphoneos;
				SWIFT_COMPILATION_MODE = wholemodule;
				SWIFT_OPTIMIZATION_LEVEL = "-O";
				VALIDATE_PRODUCT = YES;
			};
			name = Release;
		};
		FAC62B9529AF9DC1005D9392 /* Debug */ = {
			isa = XCBuildConfiguration;
			buildSettings = {
				ASSETCATALOG_COMPILER_APPICON_NAME = AppIcon;
				ASSETCATALOG_COMPILER_GLOBAL_ACCENT_COLOR_NAME = AccentColor;
				CODE_SIGN_STYLE = Automatic;
				CURRENT_PROJECT_VERSION = 1;
				GENERATE_INFOPLIST_FILE = YES;
				INFOPLIST_FILE = NumberMemorizing/Info.plist;
				INFOPLIST_KEY_UIApplicationSupportsIndirectInputEvents = YES;
				INFOPLIST_KEY_UILaunchStoryboardName = LaunchScreen;
				INFOPLIST_KEY_UIMainStoryboardFile = "";
				INFOPLIST_KEY_UISupportedInterfaceOrientations_iPad = "UIInterfaceOrientationPortrait UIInterfaceOrientationPortraitUpsideDown UIInterfaceOrientationLandscapeLeft UIInterfaceOrientationLandscapeRight";
				INFOPLIST_KEY_UISupportedInterfaceOrientations_iPhone = "UIInterfaceOrientationPortrait UIInterfaceOrientationLandscapeLeft UIInterfaceOrientationLandscapeRight";
				LD_RUNPATH_SEARCH_PATHS = (
					"$(inherited)",
					"@executable_path/Frameworks",
				);
				MARKETING_VERSION = 1.0;
				PRODUCT_BUNDLE_IDENTIFIER = org.izotov.NumberMemorizing;
				PRODUCT_NAME = "$(TARGET_NAME)";
				SWIFT_EMIT_LOC_STRINGS = YES;
				SWIFT_VERSION = 5.0;
				TARGETED_DEVICE_FAMILY = "1,2";
			};
			name = Debug;
		};
		FAC62B9629AF9DC1005D9392 /* Release */ = {
			isa = XCBuildConfiguration;
			buildSettings = {
				ASSETCATALOG_COMPILER_APPICON_NAME = AppIcon;
				ASSETCATALOG_COMPILER_GLOBAL_ACCENT_COLOR_NAME = AccentColor;
				CODE_SIGN_STYLE = Automatic;
				CURRENT_PROJECT_VERSION = 1;
				GENERATE_INFOPLIST_FILE = YES;
				INFOPLIST_FILE = NumberMemorizing/Info.plist;
				INFOPLIST_KEY_UIApplicationSupportsIndirectInputEvents = YES;
				INFOPLIST_KEY_UILaunchStoryboardName = LaunchScreen;
				INFOPLIST_KEY_UIMainStoryboardFile = "";
				INFOPLIST_KEY_UISupportedInterfaceOrientations_iPad = "UIInterfaceOrientationPortrait UIInterfaceOrientationPortraitUpsideDown UIInterfaceOrientationLandscapeLeft UIInterfaceOrientationLandscapeRight";
				INFOPLIST_KEY_UISupportedInterfaceOrientations_iPhone = "UIInterfaceOrientationPortrait UIInterfaceOrientationLandscapeLeft UIInterfaceOrientationLandscapeRight";
				LD_RUNPATH_SEARCH_PATHS = (
					"$(inherited)",
					"@executable_path/Frameworks",
				);
				MARKETING_VERSION = 1.0;
				PRODUCT_BUNDLE_IDENTIFIER = org.izotov.NumberMemorizing;
				PRODUCT_NAME = "$(TARGET_NAME)";
				SWIFT_EMIT_LOC_STRINGS = YES;
				SWIFT_VERSION = 5.0;
				TARGETED_DEVICE_FAMILY = "1,2";
			};
			name = Release;
		};
/* End XCBuildConfiguration section */

/* Begin XCConfigurationList section */
		FAC62B7829AF9DC0005D9392 /* Build configuration list for PBXProject "NumberMemorizing" */ = {
			isa = XCConfigurationList;
			buildConfigurations = (
				FAC62B9229AF9DC1005D9392 /* Debug */,
				FAC62B9329AF9DC1005D9392 /* Release */,
			);
			defaultConfigurationIsVisible = 0;
			defaultConfigurationName = Release;
		};
		FAC62B9429AF9DC1005D9392 /* Build configuration list for PBXNativeTarget "NumberMemorizing" */ = {
			isa = XCConfigurationList;
			buildConfigurations = (
				FAC62B9529AF9DC1005D9392 /* Debug */,
				FAC62B9629AF9DC1005D9392 /* Release */,
			);
			defaultConfigurationIsVisible = 0;
			defaultConfigurationName = Release;
		};
/* End XCConfigurationList section */

/* Begin XCVersionGroup section */
		FAC62B8929AF9DC1005D9392 /* NumberMemorizing.xcdatamodeld */ = {
			isa = XCVersionGroup;
			children = (
				FAC62B8A29AF9DC1005D9392 /* NumberMemorizing.xcdatamodel */,
			);
			currentVersion = FAC62B8A29AF9DC1005D9392 /* NumberMemorizing.xcdatamodel */;
			path = NumberMemorizing.xcdatamodeld;
			sourceTree = "<group>";
			versionGroupType = wrapper.xcdatamodel;
		};
/* End XCVersionGroup section */
	};
	rootObject = FAC62B7529AF9DC0005D9392 /* Project object */;
}
